<?xml version="1.0" encoding="UTF-8" standalone="yes" ?>
<CodeBlocks_project_file>
	<FileVersion major="1" minor="6" />
	<Project>
		<Option title="JRPG" />
		<Option pch_mode="2" />
		<Option compiler="gcc" />
		<Build>
			<Target title="Debug">
				<Option output="bin/Debug/JRPG" prefix_auto="1" extension_auto="1" />
				<Option object_output="obj/Debug/" />
				<Option type="1" />
				<Option compiler="gcc" />
				<Compiler>
					<Add option="-g" />
					<Add directory="include" />
					<Add directory="include/Screens" />
					<Add directory="include/Input" />
					<Add directory="include/Maps" />
					<Add directory="include/Utils" />
					<Add directory="include/Graphics" />
					<Add directory="include/Entities" />
					<Add directory="include/UI" />
				</Compiler>
			</Target>
			<Target title="Release">
				<Option output="bin/Release/JRPG" prefix_auto="1" extension_auto="1" />
				<Option object_output="obj/Release/" />
				<Option type="1" />
				<Option compiler="gcc" />
				<Compiler>
					<Add option="-O2" />
					<Add directory="include" />
					<Add directory="include/Screens" />
					<Add directory="include/Input" />
					<Add directory="include/Maps" />
					<Add directory="include/Utils" />
					<Add directory="include/Graphics" />
					<Add directory="include/Entities" />
					<Add directory="include/UI" />
				</Compiler>
				<Linker>
					<Add option="-s" />
				</Linker>
			</Target>
		</Build>
		<Compiler>
			<Add option="-Wall" />
			<Add option="-fexceptions" />
		</Compiler>
		<Unit filename="include/Entities/Entity.h" />
		<Unit filename="include/Entities/NPC.h" />
		<Unit filename="include/Entities/Player.h" />
		<Unit filename="include/Graphics/Animation.h" />
		<Unit filename="include/Input/Input.h" />
		<Unit filename="include/Input/TestInput.h" />
		<Unit filename="include/Maps/MapRenderer.h" />
		<Unit filename="include/Screens/Screen.h" />
		<Unit filename="include/Screens/ScreenManager.h" />
		<Unit filename="include/Screens/TestScreen.h" />
		<Unit filename="include/TMX/Data.h" />
		<Unit filename="include/TMX/EllipseMapObject.h" />
		<Unit filename="include/TMX/Frame.h" />
		<Unit filename="include/TMX/Image.h" />
		<Unit filename="include/TMX/ImageLayer.h" />
		<Unit filename="include/TMX/Layer.h" />
		<Unit filename="include/TMX/Map.h" />
		<Unit filename="include/TMX/MapObject.h" />
		<Unit filename="include/TMX/ObjectLayer.h" />
		<Unit filename="include/TMX/PolygonMapObject.h" />
		<Unit filename="include/TMX/PolylineMapObject.h" />
		<Unit filename="include/TMX/Property.h" />
		<Unit filename="include/TMX/RectangleMapObject.h" />
		<Unit filename="include/TMX/TMXParser.h" />
		<Unit filename="include/TMX/Terrain.h" />
		<Unit filename="include/TMX/Tile.h" />
		<Unit filename="include/TMX/TileOffset.h" />
		<Unit filename="include/TMX/Tileset.h" />
		<Unit filename="include/UI/Button.h" />
		<Unit filename="include/UI/DialogueBox.h" />
		<Unit filename="include/UI/UI.h" />
		<Unit filename="include/Utils/Timer.h" />
		<Unit filename="main.cpp" />
		<Unit filename="src/Entities/Entity.cpp" />
		<Unit filename="src/Entities/NPC.cpp" />
		<Unit filename="src/Entities/Player.cpp" />
		<Unit filename="src/Graphics/Animation.cpp" />
		<Unit filename="src/Input/Input.cpp" />
		<Unit filename="src/Input/TestInput.cpp" />
		<Unit filename="src/Maps/MapRenderer.cpp" />
		<Unit filename="src/Screens/Screen.cpp" />
		<Unit filename="src/Screens/ScreenManager.cpp" />
		<Unit filename="src/Screens/TestScreen.cpp" />
		<Unit filename="src/TMX/Data.cpp" />
		<Unit filename="src/TMX/EllipseMapObject.cpp" />
		<Unit filename="src/TMX/Frame.cpp" />
		<Unit filename="src/TMX/Image.cpp" />
		<Unit filename="src/TMX/ImageLayer.cpp" />
		<Unit filename="src/TMX/Layer.cpp" />
		<Unit filename="src/TMX/Map.cpp" />
		<Unit filename="src/TMX/MapObject.cpp" />
		<Unit filename="src/TMX/ObjectLayer.cpp" />
		<Unit filename="src/TMX/PolygonMapObject.cpp" />
		<Unit filename="src/TMX/PolylineMapObject.cpp" />
		<Unit filename="src/TMX/Property.cpp" />
		<Unit filename="src/TMX/RectangleMapObject.cpp" />
		<Unit filename="src/TMX/TMXParser.cpp" />
		<Unit filename="src/TMX/Terrain.cpp" />
		<Unit filename="src/TMX/Tile.cpp" />
		<Unit filename="src/TMX/TileOffset.cpp" />
		<Unit filename="src/TMX/Tileset.cpp" />
		<Unit filename="src/UI/Button.cpp" />
		<Unit filename="src/UI/DialogueBox.cpp" />
		<Unit filename="src/UI/UI.cpp" />
		<Unit filename="src/Utils/Timer.cpp" />
		<Extensions>
			<code_completion />
			<debugger />
		</Extensions>
	</Project>
</CodeBlocks_project_file>
